
Microsoft Visual Studio Solution File, Format Version 12.00
# Visual Studio 2012
Project("{FAE04EC0-301F-11D3-BF4B-00C04F79EFBC}") = "Sitecore.Slack.IncomingWebhookForEvents", "Sitecore.Slack.IncomingWebhookForEvents\Sitecore.Slack.IncomingWebhookForEvents.csproj", "{7261DA45-1DBA-4E63-BE6B-86A28015DD9B}"
EndProject
Global
	GlobalSection(SolutionConfigurationPlatforms) = preSolution
		Debug|Any CPU = Debug|Any CPU
		Release|Any CPU = Release|Any CPU
	EndGlobalSection
	GlobalSection(ProjectConfigurationPlatforms) = postSolution
		{7261DA45-1DBA-4E63-BE6B-86A28015DD9B}.Debug|Any CPU.ActiveCfg = Debug|Any CPU
		{7261DA45-1DBA-4E63-BE6B-86A28015DD9B}.Debug|Any CPU.Build.0 = Debug|Any CPU
		{7261DA45-1DBA-4E63-BE6B-86A28015DD9B}.Release|Any CPU.ActiveCfg = Release|Any CPU
		{7261DA45-1DBA-4E63-BE6B-86A28015DD9B}.Release|Any CPU.Build.0 = Release|Any CPU
	EndGlobalSection
	GlobalSection(SolutionProperties) = preSolution
		HideSolutionNode = FALSE
	EndGlobalSection
EndGlobal
